
Microsoft Visual Studio Solution File, Format Version 12.00
# Visual Studio Version 16
VisualStudioVersion = 16.0.29613.14
MinimumVisualStudioVersion = 10.0.40219.1
Project("{FAE04EC0-301F-11D3-BF4B-00C04F79EFBC}") = "2dArray", "2dArray.csproj", "{70C3B683-4275-41D7-A3FB-4FC498191D3C}"
EndProject
Global
	GlobalSection(SolutionConfigurationPlatforms) = preSolution
		Debug|Any CPU = Debug|Any CPU
		Release|Any CPU = Release|Any CPU
	EndGlobalSection
	GlobalSection(ProjectConfigurationPlatforms) = postSolution
		{70C3B683-4275-41D7-A3FB-4FC498191D3C}.Debug|Any CPU.ActiveCfg = Debug|Any CPU
		{70C3B683-4275-41D7-A3FB-4FC498191D3C}.Debug|Any CPU.Build.0 = Debug|Any CPU
		{70C3B683-4275-41D7-A3FB-4FC498191D3C}.Release|Any CPU.ActiveCfg = Release|Any CPU
		{70C3B683-4275-41D7-A3FB-4FC498191D3C}.Release|Any CPU.Build.0 = Release|Any CPU
	EndGlobalSection
	GlobalSection(SolutionProperties) = preSolution
		HideSolutionNode = FALSE
	EndGlobalSection
	GlobalSection(ExtensibilityGlobals) = postSolution
		SolutionGuid = {B5DFC410-9DC9-4D6F-B879-988F70369A17}
	EndGlobalSection
EndGlobal
